
Microsoft Visual Studio Solution File, Format Version 12.00
# Visual Studio Version 17
VisualStudioVersion = 17.0.31912.275
MinimumVisualStudioVersion = 10.0.40219.1
Project("{9A19103F-16F7-4668-BE54-9A1E7A4F7556}") = "Tasks", "Tasks\Tasks.csproj", "{15AB1E8C-5785-4644-A0AB-D153F4B4591C}"
EndProject
Project("{9A19103F-16F7-4668-BE54-9A1E7A4F7556}") = "Tests", "Tests\Tests.csproj", "{4CEAAD58-E1B0-4961-B508-C6FD2FE25A5A}"
EndProject
Project("{9A19103F-16F7-4668-BE54-9A1E7A4F7556}") = "AlgorithmTester", "..\..\2.Sort Algorithms\AlgorithmTester\ClassLibrary1\AlgorithmTester.csproj", "{28A60398-CD89-46FC-AE2A-202332AB7426}"
EndProject
Global
	GlobalSection(SolutionConfigurationPlatforms) = preSolution
		Debug|Any CPU = Debug|Any CPU
		Release|Any CPU = Release|Any CPU
	EndGlobalSection
	GlobalSection(ProjectConfigurationPlatforms) = postSolution
		{15AB1E8C-5785-4644-A0AB-D153F4B4591C}.Debug|Any CPU.ActiveCfg = Debug|Any CPU
		{15AB1E8C-5785-4644-A0AB-D153F4B4591C}.Debug|Any CPU.Build.0 = Debug|Any CPU
		{15AB1E8C-5785-4644-A0AB-D153F4B4591C}.Release|Any CPU.ActiveCfg = Release|Any CPU
		{15AB1E8C-5785-4644-A0AB-D153F4B4591C}.Release|Any CPU.Build.0 = Release|Any CPU
		{4CEAAD58-E1B0-4961-B508-C6FD2FE25A5A}.Debug|Any CPU.ActiveCfg = Debug|Any CPU
		{4CEAAD58-E1B0-4961-B508-C6FD2FE25A5A}.Debug|Any CPU.Build.0 = Debug|Any CPU
		{4CEAAD58-E1B0-4961-B508-C6FD2FE25A5A}.Release|Any CPU.ActiveCfg = Release|Any CPU
		{4CEAAD58-E1B0-4961-B508-C6FD2FE25A5A}.Release|Any CPU.Build.0 = Release|Any CPU
		{28A60398-CD89-46FC-AE2A-202332AB7426}.Debug|Any CPU.ActiveCfg = Debug|Any CPU
		{28A60398-CD89-46FC-AE2A-202332AB7426}.Debug|Any CPU.Build.0 = Debug|Any CPU
		{28A60398-CD89-46FC-AE2A-202332AB7426}.Release|Any CPU.ActiveCfg = Release|Any CPU
		{28A60398-CD89-46FC-AE2A-202332AB7426}.Release|Any CPU.Build.0 = Release|Any CPU
	EndGlobalSection
	GlobalSection(SolutionProperties) = preSolution
		HideSolutionNode = FALSE
	EndGlobalSection
	GlobalSection(ExtensibilityGlobals) = postSolution
		SolutionGuid = {B268D044-9179-4920-B40A-2F26B057BCFA}
	EndGlobalSection
EndGlobal
