
Microsoft Visual Studio Solution File, Format Version 12.00
# Visual Studio Version 17
VisualStudioVersion = 17.1.32407.343
MinimumVisualStudioVersion = 10.0.40219.1
Project("{FAE04EC0-301F-11D3-BF4B-00C04F79EFBC}") = "Patterns", "Patterns\Patterns.csproj", "{540E41E3-335F-4579-BA0A-E0DCF966DACD}"
EndProject
Global
	GlobalSection(SolutionConfigurationPlatforms) = preSolution
		Debug|Any CPU = Debug|Any CPU
		Release|Any CPU = Release|Any CPU
	EndGlobalSection
	GlobalSection(ProjectConfigurationPlatforms) = postSolution
		{540E41E3-335F-4579-BA0A-E0DCF966DACD}.Debug|Any CPU.ActiveCfg = Debug|Any CPU
		{540E41E3-335F-4579-BA0A-E0DCF966DACD}.Debug|Any CPU.Build.0 = Debug|Any CPU
		{540E41E3-335F-4579-BA0A-E0DCF966DACD}.Release|Any CPU.ActiveCfg = Release|Any CPU
		{540E41E3-335F-4579-BA0A-E0DCF966DACD}.Release|Any CPU.Build.0 = Release|Any CPU
	EndGlobalSection
	GlobalSection(SolutionProperties) = preSolution
		HideSolutionNode = FALSE
	EndGlobalSection
	GlobalSection(ExtensibilityGlobals) = postSolution
		SolutionGuid = {64F41C32-CA85-445D-81F4-B502BD07DC95}
	EndGlobalSection
EndGlobal
