
Microsoft Visual Studio Solution File, Format Version 12.00
# Visual Studio Version 17
VisualStudioVersion = 17.1.32407.343
MinimumVisualStudioVersion = 10.0.40219.1
Project("{FAE04EC0-301F-11D3-BF4B-00C04F79EFBC}") = "HW7", "HW7\HW7.csproj", "{08C028E6-FA76-4BB8-91E3-B6C53355F179}"
EndProject
Global
	GlobalSection(SolutionConfigurationPlatforms) = preSolution
		Debug|Any CPU = Debug|Any CPU
		Release|Any CPU = Release|Any CPU
	EndGlobalSection
	GlobalSection(ProjectConfigurationPlatforms) = postSolution
		{08C028E6-FA76-4BB8-91E3-B6C53355F179}.Debug|Any CPU.ActiveCfg = Debug|Any CPU
		{08C028E6-FA76-4BB8-91E3-B6C53355F179}.Debug|Any CPU.Build.0 = Debug|Any CPU
		{08C028E6-FA76-4BB8-91E3-B6C53355F179}.Release|Any CPU.ActiveCfg = Release|Any CPU
		{08C028E6-FA76-4BB8-91E3-B6C53355F179}.Release|Any CPU.Build.0 = Release|Any CPU
	EndGlobalSection
	GlobalSection(SolutionProperties) = preSolution
		HideSolutionNode = FALSE
	EndGlobalSection
	GlobalSection(ExtensibilityGlobals) = postSolution
		SolutionGuid = {72412E99-8F2E-441A-B5E7-614AF66E3873}
	EndGlobalSection
EndGlobal
