
Microsoft Visual Studio Solution File, Format Version 12.00
# Visual Studio Version 17
VisualStudioVersion = 17.0.31912.275
MinimumVisualStudioVersion = 10.0.40219.1
Project("{FAE04EC0-301F-11D3-BF4B-00C04F79EFBC}") = "Task2", "Task2\Task2.csproj", "{678F6CEE-AA23-4665-AF63-7DB5C25F0E10}"
EndProject
Global
	GlobalSection(SolutionConfigurationPlatforms) = preSolution
		Debug|Any CPU = Debug|Any CPU
		Release|Any CPU = Release|Any CPU
	EndGlobalSection
	GlobalSection(ProjectConfigurationPlatforms) = postSolution
		{678F6CEE-AA23-4665-AF63-7DB5C25F0E10}.Debug|Any CPU.ActiveCfg = Debug|Any CPU
		{678F6CEE-AA23-4665-AF63-7DB5C25F0E10}.Debug|Any CPU.Build.0 = Debug|Any CPU
		{678F6CEE-AA23-4665-AF63-7DB5C25F0E10}.Release|Any CPU.ActiveCfg = Release|Any CPU
		{678F6CEE-AA23-4665-AF63-7DB5C25F0E10}.Release|Any CPU.Build.0 = Release|Any CPU
	EndGlobalSection
	GlobalSection(SolutionProperties) = preSolution
		HideSolutionNode = FALSE
	EndGlobalSection
	GlobalSection(ExtensibilityGlobals) = postSolution
		SolutionGuid = {1D47BD24-3CAC-461F-9581-052A1B3447E1}
	EndGlobalSection
EndGlobal
