
Microsoft Visual Studio Solution File, Format Version 12.00
# Visual Studio Version 17
VisualStudioVersion = 17.0.31912.275
MinimumVisualStudioVersion = 10.0.40219.1
Project("{9A19103F-16F7-4668-BE54-9A1E7A4F7556}") = "Polymorphism", "Polymorphism\Polymorphism.csproj", "{2B6278C8-9D46-4A8D-9160-16EDF7984D83}"
EndProject
Project("{9A19103F-16F7-4668-BE54-9A1E7A4F7556}") = "DynamicMenu", "..\..\Menu\DynamicMenu\DynamicMenu.csproj", "{2E231C1A-A9BF-4D52-9EDD-C5470D5829B7}"
EndProject
Project("{9A19103F-16F7-4668-BE54-9A1E7A4F7556}") = "ObjectSaver", "..\..\ObjectSaver\ObjectSaver\ObjectSaver.csproj", "{44B28D14-F7F7-4442-94DF-4DC3CCC5A24D}"
EndProject
Project("{9A19103F-16F7-4668-BE54-9A1E7A4F7556}") = "Tests", "Tests\Tests.csproj", "{E6575965-F5EF-4832-861C-0B22024EC840}"
EndProject
Global
	GlobalSection(SolutionConfigurationPlatforms) = preSolution
		Debug|Any CPU = Debug|Any CPU
		Release|Any CPU = Release|Any CPU
	EndGlobalSection
	GlobalSection(ProjectConfigurationPlatforms) = postSolution
		{2B6278C8-9D46-4A8D-9160-16EDF7984D83}.Debug|Any CPU.ActiveCfg = Debug|Any CPU
		{2B6278C8-9D46-4A8D-9160-16EDF7984D83}.Debug|Any CPU.Build.0 = Debug|Any CPU
		{2B6278C8-9D46-4A8D-9160-16EDF7984D83}.Release|Any CPU.ActiveCfg = Release|Any CPU
		{2B6278C8-9D46-4A8D-9160-16EDF7984D83}.Release|Any CPU.Build.0 = Release|Any CPU
		{2E231C1A-A9BF-4D52-9EDD-C5470D5829B7}.Debug|Any CPU.ActiveCfg = Debug|Any CPU
		{2E231C1A-A9BF-4D52-9EDD-C5470D5829B7}.Debug|Any CPU.Build.0 = Debug|Any CPU
		{2E231C1A-A9BF-4D52-9EDD-C5470D5829B7}.Release|Any CPU.ActiveCfg = Release|Any CPU
		{2E231C1A-A9BF-4D52-9EDD-C5470D5829B7}.Release|Any CPU.Build.0 = Release|Any CPU
		{44B28D14-F7F7-4442-94DF-4DC3CCC5A24D}.Debug|Any CPU.ActiveCfg = Debug|Any CPU
		{44B28D14-F7F7-4442-94DF-4DC3CCC5A24D}.Debug|Any CPU.Build.0 = Debug|Any CPU
		{44B28D14-F7F7-4442-94DF-4DC3CCC5A24D}.Release|Any CPU.ActiveCfg = Release|Any CPU
		{44B28D14-F7F7-4442-94DF-4DC3CCC5A24D}.Release|Any CPU.Build.0 = Release|Any CPU
		{E6575965-F5EF-4832-861C-0B22024EC840}.Debug|Any CPU.ActiveCfg = Debug|Any CPU
		{E6575965-F5EF-4832-861C-0B22024EC840}.Debug|Any CPU.Build.0 = Debug|Any CPU
		{E6575965-F5EF-4832-861C-0B22024EC840}.Release|Any CPU.ActiveCfg = Release|Any CPU
		{E6575965-F5EF-4832-861C-0B22024EC840}.Release|Any CPU.Build.0 = Release|Any CPU
	EndGlobalSection
	GlobalSection(SolutionProperties) = preSolution
		HideSolutionNode = FALSE
	EndGlobalSection
	GlobalSection(ExtensibilityGlobals) = postSolution
		SolutionGuid = {0C341E79-DC58-4318-AFE5-7194A54D9B4A}
	EndGlobalSection
EndGlobal
