
Microsoft Visual Studio Solution File, Format Version 12.00
# Visual Studio Version 16
VisualStudioVersion = 16.0.31729.503
MinimumVisualStudioVersion = 10.0.40219.1
Project("{FAE04EC0-301F-11D3-BF4B-00C04F79EFBC}") = "GenericTree", "GenericTree\GenericTree.csproj", "{754848F4-BDF0-4F41-9362-C1194B7274DA}"
EndProject
Global
	GlobalSection(SolutionConfigurationPlatforms) = preSolution
		Debug|Any CPU = Debug|Any CPU
		Release|Any CPU = Release|Any CPU
	EndGlobalSection
	GlobalSection(ProjectConfigurationPlatforms) = postSolution
		{754848F4-BDF0-4F41-9362-C1194B7274DA}.Debug|Any CPU.ActiveCfg = Debug|Any CPU
		{754848F4-BDF0-4F41-9362-C1194B7274DA}.Debug|Any CPU.Build.0 = Debug|Any CPU
		{754848F4-BDF0-4F41-9362-C1194B7274DA}.Release|Any CPU.ActiveCfg = Release|Any CPU
		{754848F4-BDF0-4F41-9362-C1194B7274DA}.Release|Any CPU.Build.0 = Release|Any CPU
	EndGlobalSection
	GlobalSection(SolutionProperties) = preSolution
		HideSolutionNode = FALSE
	EndGlobalSection
	GlobalSection(ExtensibilityGlobals) = postSolution
		SolutionGuid = {52CB0A10-7B31-4FDE-A9A9-94C6F138CC93}
	EndGlobalSection
EndGlobal
