
Microsoft Visual Studio Solution File, Format Version 12.00
# Visual Studio Version 17
VisualStudioVersion = 17.0.31912.275
MinimumVisualStudioVersion = 10.0.40219.1
Project("{FAE04EC0-301F-11D3-BF4B-00C04F79EFBC}") = "SortAlgorithms", "BubleSort\SortAlgorithms.csproj", "{D443E843-63BC-45BF-9E6C-54C1D472B711}"
EndProject
Project("{FAE04EC0-301F-11D3-BF4B-00C04F79EFBC}") = "Tests", "Tests\Tests.csproj", "{E658DF26-ABDA-463F-9A59-37468B995F31}"
EndProject
Project("{FAE04EC0-301F-11D3-BF4B-00C04F79EFBC}") = "AlgorithmTester", "..\AlgorithmTester\ClassLibrary1\AlgorithmTester.csproj", "{C0CFE1E8-AD05-45D0-9FC0-931E107A9A82}"
EndProject
Global
	GlobalSection(SolutionConfigurationPlatforms) = preSolution
		Debug|Any CPU = Debug|Any CPU
		Release|Any CPU = Release|Any CPU
	EndGlobalSection
	GlobalSection(ProjectConfigurationPlatforms) = postSolution
		{D443E843-63BC-45BF-9E6C-54C1D472B711}.Debug|Any CPU.ActiveCfg = Debug|Any CPU
		{D443E843-63BC-45BF-9E6C-54C1D472B711}.Debug|Any CPU.Build.0 = Debug|Any CPU
		{D443E843-63BC-45BF-9E6C-54C1D472B711}.Release|Any CPU.ActiveCfg = Release|Any CPU
		{D443E843-63BC-45BF-9E6C-54C1D472B711}.Release|Any CPU.Build.0 = Release|Any CPU
		{E658DF26-ABDA-463F-9A59-37468B995F31}.Debug|Any CPU.ActiveCfg = Debug|Any CPU
		{E658DF26-ABDA-463F-9A59-37468B995F31}.Debug|Any CPU.Build.0 = Debug|Any CPU
		{E658DF26-ABDA-463F-9A59-37468B995F31}.Release|Any CPU.ActiveCfg = Release|Any CPU
		{E658DF26-ABDA-463F-9A59-37468B995F31}.Release|Any CPU.Build.0 = Release|Any CPU
		{C0CFE1E8-AD05-45D0-9FC0-931E107A9A82}.Debug|Any CPU.ActiveCfg = Debug|Any CPU
		{C0CFE1E8-AD05-45D0-9FC0-931E107A9A82}.Debug|Any CPU.Build.0 = Debug|Any CPU
		{C0CFE1E8-AD05-45D0-9FC0-931E107A9A82}.Release|Any CPU.ActiveCfg = Release|Any CPU
		{C0CFE1E8-AD05-45D0-9FC0-931E107A9A82}.Release|Any CPU.Build.0 = Release|Any CPU
	EndGlobalSection
	GlobalSection(SolutionProperties) = preSolution
		HideSolutionNode = FALSE
	EndGlobalSection
	GlobalSection(ExtensibilityGlobals) = postSolution
		SolutionGuid = {48BFEB2E-F438-465B-AE0E-FD12406AD15F}
	EndGlobalSection
EndGlobal
