
Microsoft Visual Studio Solution File, Format Version 12.00
# Visual Studio Version 17
VisualStudioVersion = 17.0.31912.275
MinimumVisualStudioVersion = 10.0.40219.1
Project("{FAE04EC0-301F-11D3-BF4B-00C04F79EFBC}") = "DataStructures", "DataStructures\DataStructures.csproj", "{D4D714A6-B7AC-4872-9735-EE378D3AAACF}"
EndProject
Project("{FAE04EC0-301F-11D3-BF4B-00C04F79EFBC}") = "DataStructureTest", "DataStructureTest\DataStructureTest.csproj", "{08F39CEE-21CA-4439-A6D7-8C88760110C5}"
EndProject
Global
	GlobalSection(SolutionConfigurationPlatforms) = preSolution
		Debug|Any CPU = Debug|Any CPU
		Release|Any CPU = Release|Any CPU
	EndGlobalSection
	GlobalSection(ProjectConfigurationPlatforms) = postSolution
		{D4D714A6-B7AC-4872-9735-EE378D3AAACF}.Debug|Any CPU.ActiveCfg = Debug|Any CPU
		{D4D714A6-B7AC-4872-9735-EE378D3AAACF}.Debug|Any CPU.Build.0 = Debug|Any CPU
		{D4D714A6-B7AC-4872-9735-EE378D3AAACF}.Release|Any CPU.ActiveCfg = Release|Any CPU
		{D4D714A6-B7AC-4872-9735-EE378D3AAACF}.Release|Any CPU.Build.0 = Release|Any CPU
		{08F39CEE-21CA-4439-A6D7-8C88760110C5}.Debug|Any CPU.ActiveCfg = Debug|Any CPU
		{08F39CEE-21CA-4439-A6D7-8C88760110C5}.Debug|Any CPU.Build.0 = Debug|Any CPU
		{08F39CEE-21CA-4439-A6D7-8C88760110C5}.Release|Any CPU.ActiveCfg = Release|Any CPU
		{08F39CEE-21CA-4439-A6D7-8C88760110C5}.Release|Any CPU.Build.0 = Release|Any CPU
	EndGlobalSection
	GlobalSection(SolutionProperties) = preSolution
		HideSolutionNode = FALSE
	EndGlobalSection
	GlobalSection(ExtensibilityGlobals) = postSolution
		SolutionGuid = {99FDE2D9-888F-4FE6-977A-F8569C6C13B0}
	EndGlobalSection
EndGlobal
